<?xml version="1.0" encoding="utf-8"?>
<Project ToolsVersion="4.0" xmlns="http://schemas.microsoft.com/developer/msbuild/2003">
  <ItemGroup>
    <Filter Include="Source Files">
      <UniqueIdentifier>{4FC737F1-C7A5-4376-A066-2A32D752A2FF}</UniqueIdentifier>
      <Extensions>cpp;c;cc;cxx;c++;cppm;ixx;def;odl;idl;hpj;bat;asm;asmx</Extensions>
    </Filter>
    <Filter Include="Header Files">
      <UniqueIdentifier>{93995380-89BD-4b04-88EB-625FBE52EBFB}</UniqueIdentifier>
      <Extensions>h;hh;hpp;hxx;h++;hm;inl;inc;ipp;xsd</Extensions>
    </Filter>
    <Filter Include="Resource Files">
      <UniqueIdentifier>{67DA6AB6-F800-4c08-8B7A-83BB121AAD01}</UniqueIdentifier>
      <Extensions>rc;ico;cur;bmp;dlg;rc2;rct;bin;rgs;gif;jpg;jpeg;jpe;resx;tiff;tif;png;wav;mfcribbon-ms</Extensions>
    </Filter>
  </ItemGroup>
  <ItemGroup>
    <ClInclude Include="Actividad_Hoja.h">
      <Filter>Header Files</Filter>
    </ClInclude>
    <ClInclude Include="Actividad_Grupo.h">
      <Filter>Header Files</Filter>
    </ClInclude>
    <ClInclude Include="Cmpnte_Proyecto.h">
      <Filter>Header Files</Filter>
    </ClInclude>
    <ClInclude Include="Proyecto.h">
      <Filter>Header Files</Filter>
    </ClInclude>
    <ClInclude Include="Fabrica_Proyecto.h">
      <Filter>Header Files</Filter>
    </ClInclude>
    <ClInclude Include="Fabrica_Proyecto_Simple.h">
      <Filter>Header Files</Filter>
    </ClInclude>
    <ClInclude Include="Fabrica_Proyecto_Complejo.h">
      <Filter>Header Files</Filter>
    </ClInclude>
    <ClInclude Include="SerializadorAbstracto.h">
      <Filter>Header Files</Filter>
    </ClInclude>
    <ClInclude Include="SerializadorJSON.h">
      <Filter>Header Files</Filter>
    </ClInclude>
    <ClInclude Include="SerializadorXML.h">
      <Filter>Header Files</Filter>
    </ClInclude>
  </ItemGroup>
  <ItemGroup>
    <ClCompile Include="main.cpp">
      <Filter>Source Files</Filter>
    </ClCompile>
    <ClCompile Include="Actividad_Hoja.cpp">
      <Filter>Source Files</Filter>
    </ClCompile>
    <ClCompile Include="Actividad_Grupo.cpp">
      <Filter>Source Files</Filter>
    </ClCompile>
    <ClCompile Include="Proyecto.cpp">
      <Filter>Source Files</Filter>
    </ClCompile>
    <ClCompile Include="Fabrica_Proyecto.cpp">
      <Filter>Source Files</Filter>
    </ClCompile>
    <ClCompile Include="Fabrica_Proyecto_Simple.cpp">
      <Filter>Source Files</Filter>
    </ClCompile>
    <ClCompile Include="Fabrica_Proyecto_Complejo.cpp">
      <Filter>Source Files</Filter>
    </ClCompile>
    <ClCompile Include="SerializadorJSON.cpp">
      <Filter>Source Files</Filter>
    </ClCompile>
    <ClCompile Include="SerializadorXML.cpp">
      <Filter>Source Files</Filter>
    </ClCompile>
  </ItemGroup>
</Project>